
Microsoft Visual Studio Solution File, Format Version 12.00
# Visual Studio Version 17
VisualStudioVersion = 17.9.34728.123
MinimumVisualStudioVersion = 10.0.40219.1
Project("{FAE04EC0-301F-11D3-BF4B-00C04F79EFBC}") = "AT1.6e1.7e1.8e1.9-dotnetweb", "AT1.6e1.7e1.8e1.9-dotnetweb\AT1.6e1.7e1.8e1.9-dotnetweb.csproj", "{E049EC17-530E-45A6-8B33-C0A3A3240423}"
EndProject
Global
	GlobalSection(SolutionConfigurationPlatforms) = preSolution
		Debug|Any CPU = Debug|Any CPU
		Release|Any CPU = Release|Any CPU
	EndGlobalSection
	GlobalSection(ProjectConfigurationPlatforms) = postSolution
		{E049EC17-530E-45A6-8B33-C0A3A3240423}.Debug|Any CPU.ActiveCfg = Debug|Any CPU
		{E049EC17-530E-45A6-8B33-C0A3A3240423}.Debug|Any CPU.Build.0 = Debug|Any CPU
		{E049EC17-530E-45A6-8B33-C0A3A3240423}.Release|Any CPU.ActiveCfg = Release|Any CPU
		{E049EC17-530E-45A6-8B33-C0A3A3240423}.Release|Any CPU.Build.0 = Release|Any CPU
	EndGlobalSection
	GlobalSection(SolutionProperties) = preSolution
		HideSolutionNode = FALSE
	EndGlobalSection
	GlobalSection(ExtensibilityGlobals) = postSolution
		SolutionGuid = {DF8B8C02-7510-479B-A18E-2966F0ADEE97}
	EndGlobalSection
EndGlobal
